// !$*UTF8*$!
{
	archiveVersion = 1;
	classes = {
	};
	objectVersion = 56;
	objects = {

/* Begin PBXBuildFile section */
		8B420D252950BA5100653D7F /* WeatherAppApp.swift in Sources */ = {isa = PBXBuildFile; fileRef = 8B420D242950BA5100653D7F /* WeatherAppApp.swift */; };
		8B420D272950BA5100653D7F /* ContentView.swift in Sources */ = {isa = PBXBuildFile; fileRef = 8B420D262950BA5100653D7F /* ContentView.swift */; };
		8B420D292950BA5300653D7F /* Assets.xcassets in Resources */ = {isa = PBXBuildFile; fileRef = 8B420D282950BA5300653D7F /* Assets.xcassets */; };
		8B420D2C2950BA5300653D7F /* Preview Assets.xcassets in Resources */ = {isa = PBXBuildFile; fileRef = 8B420D2B2950BA5300653D7F /* Preview Assets.xcassets */; };
		8B420D372950BA9700653D7F /* Weather.swift in Sources */ = {isa = PBXBuildFile; fileRef = 8B420D362950BA9700653D7F /* Weather.swift */; };
		8B420D392950BA9F00653D7F /* API.swift in Sources */ = {isa = PBXBuildFile; fileRef = 8B420D382950BA9F00653D7F /* API.swift */; };
		8B420D3B2950BAAA00653D7F /* WeatherListViewModel.swift in Sources */ = {isa = PBXBuildFile; fileRef = 8B420D3A2950BAAA00653D7F /* WeatherListViewModel.swift */; };
		8B420D3D2950BAB400653D7F /* WeatherViewModel.swift in Sources */ = {isa = PBXBuildFile; fileRef = 8B420D3C2950BAB400653D7F /* WeatherViewModel.swift */; };
		8B420D3F2950BABB00653D7F /* LocationService.swift in Sources */ = {isa = PBXBuildFile; fileRef = 8B420D3E2950BABB00653D7F /* LocationService.swift */; };
		8B420D432950BAC900653D7F /* WeatherDetail.swift in Sources */ = {isa = PBXBuildFile; fileRef = 8B420D422950BAC900653D7F /* WeatherDetail.swift */; };
		8B420D452950BACF00653D7F /* CityRow.swift in Sources */ = {isa = PBXBuildFile; fileRef = 8B420D442950BACF00653D7F /* CityRow.swift */; };
		8B420D472950BAD800653D7F /* CityWeatherView.swift in Sources */ = {isa = PBXBuildFile; fileRef = 8B420D462950BAD800653D7F /* CityWeatherView.swift */; };
		8B420D492950BAE100653D7F /* WeatherDetailRow.swift in Sources */ = {isa = PBXBuildFile; fileRef = 8B420D482950BAE100653D7F /* WeatherDetailRow.swift */; };
		8B420D4B2950BAEA00653D7F /* WeatherDetailView.swift in Sources */ = {isa = PBXBuildFile; fileRef = 8B420D4A2950BAEA00653D7F /* WeatherDetailView.swift */; };
		8B420D4D2950BCBD00653D7F /* CityWeatherViewModel.swift in Sources */ = {isa = PBXBuildFile; fileRef = 8B420D4C2950BCBD00653D7F /* CityWeatherViewModel.swift */; };
		8B420D512950C00900653D7F /* WeatherList.swift in Sources */ = {isa = PBXBuildFile; fileRef = 8B420D502950C00900653D7F /* WeatherList.swift */; };
/* End PBXBuildFile section */

/* Begin PBXFileReference section */
		8B420D212950BA5100653D7F /* WeatherApp.app */ = {isa = PBXFileReference; explicitFileType = wrapper.application; includeInIndex = 0; path = WeatherApp.app; sourceTree = BUILT_PRODUCTS_DIR; };
		8B420D242950BA5100653D7F /* WeatherAppApp.swift */ = {isa = PBXFileReference; lastKnownFileType = sourcecode.swift; path = WeatherAppApp.swift; sourceTree = "<group>"; };
		8B420D262950BA5100653D7F /* ContentView.swift */ = {isa = PBXFileReference; lastKnownFileType = sourcecode.swift; path = ContentView.swift; sourceTree = "<group>"; };
		8B420D282950BA5300653D7F /* Assets.xcassets */ = {isa = PBXFileReference; lastKnownFileType = folder.assetcatalog; path = Assets.xcassets; sourceTree = "<group>"; };
		8B420D2B2950BA5300653D7F /* Preview Assets.xcassets */ = {isa = PBXFileReference; lastKnownFileType = folder.assetcatalog; path = "Preview Assets.xcassets"; sourceTree = "<group>"; };
		8B420D362950BA9700653D7F /* Weather.swift */ = {isa = PBXFileReference; lastKnownFileType = sourcecode.swift; path = Weather.swift; sourceTree = "<group>"; };
		8B420D382950BA9F00653D7F /* API.swift */ = {isa = PBXFileReference; lastKnownFileType = sourcecode.swift; path = API.swift; sourceTree = "<group>"; };
		8B420D3A2950BAAA00653D7F /* WeatherListViewModel.swift */ = {isa = PBXFileReference; lastKnownFileType = sourcecode.swift; path = WeatherListViewModel.swift; sourceTree = "<group>"; };
		8B420D3C2950BAB400653D7F /* WeatherViewModel.swift */ = {isa = PBXFileReference; lastKnownFileType = sourcecode.swift; path = WeatherViewModel.swift; sourceTree = "<group>"; };
		8B420D3E2950BABB00653D7F /* LocationService.swift */ = {isa = PBXFileReference; lastKnownFileType = sourcecode.swift; path = LocationService.swift; sourceTree = "<group>"; };
		8B420D422950BAC900653D7F /* WeatherDetail.swift */ = {isa = PBXFileReference; lastKnownFileType = sourcecode.swift; path = WeatherDetail.swift; sourceTree = "<group>"; };
		8B420D442950BACF00653D7F /* CityRow.swift */ = {isa = PBXFileReference; lastKnownFileType = sourcecode.swift; path = CityRow.swift; sourceTree = "<group>"; };
		8B420D462950BAD800653D7F /* CityWeatherView.swift */ = {isa = PBXFileReference; lastKnownFileType = sourcecode.swift; path = CityWeatherView.swift; sourceTree = "<group>"; };
		8B420D482950BAE100653D7F /* WeatherDetailRow.swift */ = {isa = PBXFileReference; lastKnownFileType = sourcecode.swift; path = WeatherDetailRow.swift; sourceTree = "<group>"; };
		8B420D4A2950BAEA00653D7F /* WeatherDetailView.swift */ = {isa = PBXFileReference; lastKnownFileType = sourcecode.swift; path = WeatherDetailView.swift; sourceTree = "<group>"; };
		8B420D4C2950BCBD00653D7F /* CityWeatherViewModel.swift */ = {isa = PBXFileReference; lastKnownFileType = sourcecode.swift; path = CityWeatherViewModel.swift; sourceTree = "<group>"; };
		8B420D502950C00900653D7F /* WeatherList.swift */ = {isa = PBXFileReference; lastKnownFileType = sourcecode.swift; path = WeatherList.swift; sourceTree = "<group>"; };
/* End PBXFileReference section */

/* Begin PBXFrameworksBuildPhase section */
		8B420D1E2950BA5100653D7F /* Frameworks */ = {
			isa = PBXFrameworksBuildPhase;
			buildActionMask = 2147483647;
			files = (
			);
			runOnlyForDeploymentPostprocessing = 0;
		};
/* End PBXFrameworksBuildPhase section */

/* Begin PBXGroup section */
		8B420D182950BA5100653D7F = {
			isa = PBXGroup;
			children = (
				8B420D232950BA5100653D7F /* WeatherApp */,
				8B420D222950BA5100653D7F /* Products */,
			);
			sourceTree = "<group>";
		};
		8B420D222950BA5100653D7F /* Products */ = {
			isa = PBXGroup;
			children = (
				8B420D212950BA5100653D7F /* WeatherApp.app */,
			);
			name = Products;
			sourceTree = "<group>";
		};
		8B420D232950BA5100653D7F /* WeatherApp */ = {
			isa = PBXGroup;
			children = (
				8B420D342950BA7500653D7F /* View */,
				8B420D332950BA7000653D7F /* ViewModel */,
				8B420D322950BA6A00653D7F /* Model */,
				8B420D262950BA5100653D7F /* ContentView.swift */,
				8B420D352950BA7B00653D7F /* Resources */,
				8B420D2A2950BA5300653D7F /* Preview Content */,
			);
			path = WeatherApp;
			sourceTree = "<group>";
		};
		8B420D2A2950BA5300653D7F /* Preview Content */ = {
			isa = PBXGroup;
			children = (
				8B420D2B2950BA5300653D7F /* Preview Assets.xcassets */,
			);
			path = "Preview Content";
			sourceTree = "<group>";
		};
		8B420D322950BA6A00653D7F /* Model */ = {
			isa = PBXGroup;
			children = (
				8B420D362950BA9700653D7F /* Weather.swift */,
				8B420D382950BA9F00653D7F /* API.swift */,
			);
			path = Model;
			sourceTree = "<group>";
		};
		8B420D332950BA7000653D7F /* ViewModel */ = {
			isa = PBXGroup;
			children = (
				8B420D3A2950BAAA00653D7F /* WeatherListViewModel.swift */,
				8B420D3C2950BAB400653D7F /* WeatherViewModel.swift */,
				8B420D3E2950BABB00653D7F /* LocationService.swift */,
				8B420D4C2950BCBD00653D7F /* CityWeatherViewModel.swift */,
			);
			path = ViewModel;
			sourceTree = "<group>";
		};
		8B420D342950BA7500653D7F /* View */ = {
			isa = PBXGroup;
			children = (
				8B420D422950BAC900653D7F /* WeatherDetail.swift */,
				8B420D442950BACF00653D7F /* CityRow.swift */,
				8B420D462950BAD800653D7F /* CityWeatherView.swift */,
				8B420D482950BAE100653D7F /* WeatherDetailRow.swift */,
				8B420D4A2950BAEA00653D7F /* WeatherDetailView.swift */,
				8B420D502950C00900653D7F /* WeatherList.swift */,
			);
			path = View;
			sourceTree = "<group>";
		};
		8B420D352950BA7B00653D7F /* Resources */ = {
			isa = PBXGroup;
			children = (
				8B420D242950BA5100653D7F /* WeatherAppApp.swift */,
				8B420D282950BA5300653D7F /* Assets.xcassets */,
			);
			path = Resources;
			sourceTree = "<group>";
		};
/* End PBXGroup section */

/* Begin PBXNativeTarget section */
		8B420D202950BA5100653D7F /* WeatherApp */ = {
			isa = PBXNativeTarget;
			buildConfigurationList = 8B420D2F2950BA5300653D7F /* Build configuration list for PBXNativeTarget "WeatherApp" */;
			buildPhases = (
				8B420D1D2950BA5100653D7F /* Sources */,
				8B420D1E2950BA5100653D7F /* Frameworks */,
				8B420D1F2950BA5100653D7F /* Resources */,
			);
			buildRules = (
			);
			dependencies = (
			);
			name = WeatherApp;
			productName = WeatherApp;
			productReference = 8B420D212950BA5100653D7F /* WeatherApp.app */;
			productType = "com.apple.product-type.application";
		};
/* End PBXNativeTarget section */

/* Begin PBXProject section */
		8B420D192950BA5100653D7F /* Project object */ = {
			isa = PBXProject;
			attributes = {
				BuildIndependentTargetsInParallel = 1;
				LastSwiftUpdateCheck = 1400;
				LastUpgradeCheck = 1400;
				TargetAttributes = {
					8B420D202950BA5100653D7F = {
						CreatedOnToolsVersion = 14.0;
					};
				};
			};
			buildConfigurationList = 8B420D1C2950BA5100653D7F /* Build configuration list for PBXProject "WeatherApp" */;
			compatibilityVersion = "Xcode 14.0";
			developmentRegion = en;
			hasScannedForEncodings = 0;
			knownRegions = (
				en,
				Base,
			);
			mainGroup = 8B420D182950BA5100653D7F;
			productRefGroup = 8B420D222950BA5100653D7F /* Products */;
			projectDirPath = "";
			projectRoot = "";
			targets = (
				8B420D202950BA5100653D7F /* WeatherApp */,
			);
		};
/* End PBXProject section */

/* Begin PBXResourcesBuildPhase section */
		8B420D1F2950BA5100653D7F /* Resources */ = {
			isa = PBXResourcesBuildPhase;
			buildActionMask = 2147483647;
			files = (
				8B420D2C2950BA5300653D7F /* Preview Assets.xcassets in Resources */,
				8B420D292950BA5300653D7F /* Assets.xcassets in Resources */,
			);
			runOnlyForDeploymentPostprocessing = 0;
		};
/* End PBXResourcesBuildPhase section */

/* Begin PBXSourcesBuildPhase section */
		8B420D1D2950BA5100653D7F /* Sources */ = {
			isa = PBXSourcesBuildPhase;
			buildActionMask = 2147483647;
			files = (
				8B420D472950BAD800653D7F /* CityWeatherView.swift in Sources */,
				8B420D3F2950BABB00653D7F /* LocationService.swift in Sources */,
				8B420D272950BA5100653D7F /* ContentView.swift in Sources */,
				8B420D3D2950BAB400653D7F /* WeatherViewModel.swift in Sources */,
				8B420D372950BA9700653D7F /* Weather.swift in Sources */,
				8B420D452950BACF00653D7F /* CityRow.swift in Sources */,
				8B420D512950C00900653D7F /* WeatherList.swift in Sources */,
				8B420D392950BA9F00653D7F /* API.swift in Sources */,
				8B420D492950BAE100653D7F /* WeatherDetailRow.swift in Sources */,
				8B420D432950BAC900653D7F /* WeatherDetail.swift in Sources */,
				8B420D4B2950BAEA00653D7F /* WeatherDetailView.swift in Sources */,
				8B420D252950BA5100653D7F /* WeatherAppApp.swift in Sources */,
				8B420D4D2950BCBD00653D7F /* CityWeatherViewModel.swift in Sources */,
				8B420D3B2950BAAA00653D7F /* WeatherListViewModel.swift in Sources */,
			);
			runOnlyForDeploymentPostprocessing = 0;
		};
/* End PBXSourcesBuildPhase section */

/* Begin XCBuildConfiguration section */
		8B420D2D2950BA5300653D7F /* Debug */ = {
			isa = XCBuildConfiguration;
			buildSettings = {
				ALWAYS_SEARCH_USER_PATHS = NO;
				CLANG_ANALYZER_NONNULL = YES;
				CLANG_ANALYZER_NUMBER_OBJECT_CONVERSION = YES_AGGRESSIVE;
				CLANG_CXX_LANGUAGE_STANDARD = "gnu++20";
				CLANG_ENABLE_MODULES = YES;
				CLANG_ENABLE_OBJC_ARC = YES;
				CLANG_ENABLE_OBJC_WEAK = YES;
				CLANG_WARN_BLOCK_CAPTURE_AUTORELEASING = YES;
				CLANG_WARN_BOOL_CONVERSION = YES;
				CLANG_WARN_COMMA = YES;
				CLANG_WARN_CONSTANT_CONVERSION = YES;
				CLANG_WARN_DEPRECATED_OBJC_IMPLEMENTATIONS = YES;
				CLANG_WARN_DIRECT_OBJC_ISA_USAGE = YES_ERROR;
				CLANG_WARN_DOCUMENTATION_COMMENTS = YES;
				CLANG_WARN_EMPTY_BODY = YES;
				CLANG_WARN_ENUM_CONVERSION = YES;
				CLANG_WARN_INFINITE_RECURSION = YES;
				CLANG_WARN_INT_CONVERSION = YES;
				CLANG_WARN_NON_LITERAL_NULL_CONVERSION = YES;
				CLANG_WARN_OBJC_IMPLICIT_RETAIN_SELF = YES;
				CLANG_WARN_OBJC_LITERAL_CONVERSION = YES;
				CLANG_WARN_OBJC_ROOT_CLASS = YES_ERROR;
				CLANG_WARN_QUOTED_INCLUDE_IN_FRAMEWORK_HEADER = YES;
				CLANG_WARN_RANGE_LOOP_ANALYSIS = YES;
				CLANG_WARN_STRICT_PROTOTYPES = YES;
				CLANG_WARN_SUSPICIOUS_MOVE = YES;
				CLANG_WARN_UNGUARDED_AVAILABILITY = YES_AGGRESSIVE;
				CLANG_WARN_UNREACHABLE_CODE = YES;
				CLANG_WARN__DUPLICATE_METHOD_MATCH = YES;
				COPY_PHASE_STRIP = NO;
				DEBUG_INFORMATION_FORMAT = dwarf;
				ENABLE_STRICT_OBJC_MSGSEND = YES;
				ENABLE_TESTABILITY = YES;
				GCC_C_LANGUAGE_STANDARD = gnu11;
				GCC_DYNAMIC_NO_PIC = NO;
				GCC_NO_COMMON_BLOCKS = YES;
				GCC_OPTIMIZATION_LEVEL = 0;
				GCC_PREPROCESSOR_DEFINITIONS = (
					"DEBUG=1",
					"$(inherited)",
				);
				GCC_WARN_64_TO_32_BIT_CONVERSION = YES;
				GCC_WARN_ABOUT_RETURN_TYPE = YES_ERROR;
				GCC_WARN_UNDECLARED_SELECTOR = YES;
				GCC_WARN_UNINITIALIZED_AUTOS = YES_AGGRESSIVE;
				GCC_WARN_UNUSED_FUNCTION = YES;
				GCC_WARN_UNUSED_VARIABLE = YES;
				IPHONEOS_DEPLOYMENT_TARGET = 16.0;
				MTL_ENABLE_DEBUG_INFO = INCLUDE_SOURCE;
				MTL_FAST_MATH = YES;
				ONLY_ACTIVE_ARCH = YES;
				SDKROOT = iphoneos;
				SWIFT_ACTIVE_COMPILATION_CONDITIONS = DEBUG;
				SWIFT_OPTIMIZATION_LEVEL = "-Onone";
			};
			name = Debug;
		};
		8B420D2E2950BA5300653D7F /* Release */ = {
			isa = XCBuildConfiguration;
			buildSettings = {
				ALWAYS_SEARCH_USER_PATHS = NO;
				CLANG_ANALYZER_NONNULL = YES;
				CLANG_ANALYZER_NUMBER_OBJECT_CONVERSION = YES_AGGRESSIVE;
				CLANG_CXX_LANGUAGE_STANDARD = "gnu++20";
				CLANG_ENABLE_MODULES = YES;
				CLANG_ENABLE_OBJC_ARC = YES;
				CLANG_ENABLE_OBJC_WEAK = YES;
				CLANG_WARN_BLOCK_CAPTURE_AUTORELEASING = YES;
				CLANG_WARN_BOOL_CONVERSION = YES;
				CLANG_WARN_COMMA = YES;
				CLANG_WARN_CONSTANT_CONVERSION = YES;
				CLANG_WARN_DEPRECATED_OBJC_IMPLEMENTATIONS = YES;
				CLANG_WARN_DIRECT_OBJC_ISA_USAGE = YES_ERROR;
				CLANG_WARN_DOCUMENTATION_COMMENTS = YES;
				CLANG_WARN_EMPTY_BODY = YES;
				CLANG_WARN_ENUM_CONVERSION = YES;
				CLANG_WARN_INFINITE_RECURSION = YES;
				CLANG_WARN_INT_CONVERSION = YES;
				CLANG_WARN_NON_LITERAL_NULL_CONVERSION = YES;
				CLANG_WARN_OBJC_IMPLICIT_RETAIN_SELF = YES;
				CLANG_WARN_OBJC_LITERAL_CONVERSION = YES;
				CLANG_WARN_OBJC_ROOT_CLASS = YES_ERROR;
				CLANG_WARN_QUOTED_INCLUDE_IN_FRAMEWORK_HEADER = YES;
				CLANG_WARN_RANGE_LOOP_ANALYSIS = YES;
				CLANG_WARN_STRICT_PROTOTYPES = YES;
				CLANG_WARN_SUSPICIOUS_MOVE = YES;
				CLANG_WARN_UNGUARDED_AVAILABILITY = YES_AGGRESSIVE;
				CLANG_WARN_UNREACHABLE_CODE = YES;
				CLANG_WARN__DUPLICATE_METHOD_MATCH = YES;
				COPY_PHASE_STRIP = NO;
				DEBUG_INFORMATION_FORMAT = "dwarf-with-dsym";
				ENABLE_NS_ASSERTIONS = NO;
				ENABLE_STRICT_OBJC_MSGSEND = YES;
				GCC_C_LANGUAGE_STANDARD = gnu11;
				GCC_NO_COMMON_BLOCKS = YES;
				GCC_WARN_64_TO_32_BIT_CONVERSION = YES;
				GCC_WARN_ABOUT_RETURN_TYPE = YES_ERROR;
				GCC_WARN_UNDECLARED_SELECTOR = YES;
				GCC_WARN_UNINITIALIZED_AUTOS = YES_AGGRESSIVE;
				GCC_WARN_UNUSED_FUNCTION = YES;
				GCC_WARN_UNUSED_VARIABLE = YES;
				IPHONEOS_DEPLOYMENT_TARGET = 16.0;
				MTL_ENABLE_DEBUG_INFO = NO;
				MTL_FAST_MATH = YES;
				SDKROOT = iphoneos;
				SWIFT_COMPILATION_MODE = wholemodule;
				SWIFT_OPTIMIZATION_LEVEL = "-O";
				VALIDATE_PRODUCT = YES;
			};
			name = Release;
		};
		8B420D302950BA5300653D7F /* Debug */ = {
			isa = XCBuildConfiguration;
			buildSettings = {
				ASSETCATALOG_COMPILER_APPICON_NAME = AppIcon;
				ASSETCATALOG_COMPILER_GLOBAL_ACCENT_COLOR_NAME = AccentColor;
				CODE_SIGN_STYLE = Automatic;
				CURRENT_PROJECT_VERSION = 1;
				DEVELOPMENT_ASSET_PATHS = "\"WeatherApp/Preview Content\"";
				DEVELOPMENT_TEAM = 73DJK9R2PB;
				ENABLE_PREVIEWS = YES;
				GENERATE_INFOPLIST_FILE = YES;
				INFOPLIST_KEY_UIApplicationSceneManifest_Generation = YES;
				INFOPLIST_KEY_UIApplicationSupportsIndirectInputEvents = YES;
				INFOPLIST_KEY_UILaunchScreen_Generation = YES;
				INFOPLIST_KEY_UISupportedInterfaceOrientations_iPad = "UIInterfaceOrientationPortrait UIInterfaceOrientationPortraitUpsideDown UIInterfaceOrientationLandscapeLeft UIInterfaceOrientationLandscapeRight";
				INFOPLIST_KEY_UISupportedInterfaceOrientations_iPhone = "UIInterfaceOrientationPortrait UIInterfaceOrientationLandscapeLeft UIInterfaceOrientationLandscapeRight";
				LD_RUNPATH_SEARCH_PATHS = (
					"$(inherited)",
					"@executable_path/Frameworks",
				);
				MARKETING_VERSION = 1.0;
				PRODUCT_BUNDLE_IDENTIFIER = safarslife.WeatherApp;
				PRODUCT_NAME = "$(TARGET_NAME)";
				SUPPORTED_PLATFORMS = "iphoneos iphonesimulator";
				SUPPORTS_MACCATALYST = NO;
				SUPPORTS_MAC_DESIGNED_FOR_IPHONE_IPAD = NO;
				SWIFT_EMIT_LOC_STRINGS = YES;
				SWIFT_VERSION = 5.0;
				TARGETED_DEVICE_FAMILY = 1;
			};
			name = Debug;
		};
		8B420D312950BA5300653D7F /* Release */ = {
			isa = XCBuildConfiguration;
			buildSettings = {
				ASSETCATALOG_COMPILER_APPICON_NAME = AppIcon;
				ASSETCATALOG_COMPILER_GLOBAL_ACCENT_COLOR_NAME = AccentColor;
				CODE_SIGN_STYLE = Automatic;
				CURRENT_PROJECT_VERSION = 1;
				DEVELOPMENT_ASSET_PATHS = "\"WeatherApp/Preview Content\"";
				DEVELOPMENT_TEAM = 73DJK9R2PB;
				ENABLE_PREVIEWS = YES;
				GENERATE_INFOPLIST_FILE = YES;
				INFOPLIST_KEY_UIApplicationSceneManifest_Generation = YES;
				INFOPLIST_KEY_UIApplicationSupportsIndirectInputEvents = YES;
				INFOPLIST_KEY_UILaunchScreen_Generation = YES;
				INFOPLIST_KEY_UISupportedInterfaceOrientations_iPad = "UIInterfaceOrientationPortrait UIInterfaceOrientationPortraitUpsideDown UIInterfaceOrientationLandscapeLeft UIInterfaceOrientationLandscapeRight";
				INFOPLIST_KEY_UISupportedInterfaceOrientations_iPhone = "UIInterfaceOrientationPortrait UIInterfaceOrientationLandscapeLeft UIInterfaceOrientationLandscapeRight";
				LD_RUNPATH_SEARCH_PATHS = (
					"$(inherited)",
					"@executable_path/Frameworks",
				);
				MARKETING_VERSION = 1.0;
				PRODUCT_BUNDLE_IDENTIFIER = safarslife.WeatherApp;
				PRODUCT_NAME = "$(TARGET_NAME)";
				SUPPORTED_PLATFORMS = "iphoneos iphonesimulator";
				SUPPORTS_MACCATALYST = NO;
				SUPPORTS_MAC_DESIGNED_FOR_IPHONE_IPAD = NO;
				SWIFT_EMIT_LOC_STRINGS = YES;
				SWIFT_VERSION = 5.0;
				TARGETED_DEVICE_FAMILY = 1;
			};
			name = Release;
		};
/* End XCBuildConfiguration section */

/* Begin XCConfigurationList section */
		8B420D1C2950BA5100653D7F /* Build configuration list for PBXProject "WeatherApp" */ = {
			isa = XCConfigurationList;
			buildConfigurations = (
				8B420D2D2950BA5300653D7F /* Debug */,
				8B420D2E2950BA5300653D7F /* Release */,
			);
			defaultConfigurationIsVisible = 0;
			defaultConfigurationName = Release;
		};
		8B420D2F2950BA5300653D7F /* Build configuration list for PBXNativeTarget "WeatherApp" */ = {
			isa = XCConfigurationList;
			buildConfigurations = (
				8B420D302950BA5300653D7F /* Debug */,
				8B420D312950BA5300653D7F /* Release */,
			);
			defaultConfigurationIsVisible = 0;
			defaultConfigurationName = Release;
		};
/* End XCConfigurationList section */
	};
	rootObject = 8B420D192950BA5100653D7F /* Project object */;
}
